
Microsoft Visual Studio Solution File, Format Version 12.00
# Visual Studio 2012
Project("{FAE04EC0-301F-11D3-BF4B-00C04F79EFBC}") = "Calculator", "Calculator\Calculator.csproj", "{BCDC98DD-69D0-4E6B-8113-ABFDAE72B836}"
EndProject
Global
	GlobalSection(SolutionConfigurationPlatforms) = preSolution
		Debug|Any CPU = Debug|Any CPU
		Release|Any CPU = Release|Any CPU
	EndGlobalSection
	GlobalSection(ProjectConfigurationPlatforms) = postSolution
		{BCDC98DD-69D0-4E6B-8113-ABFDAE72B836}.Debug|Any CPU.ActiveCfg = Debug|Any CPU
		{BCDC98DD-69D0-4E6B-8113-ABFDAE72B836}.Debug|Any CPU.Build.0 = Debug|Any CPU
		{BCDC98DD-69D0-4E6B-8113-ABFDAE72B836}.Release|Any CPU.ActiveCfg = Release|Any CPU
		{BCDC98DD-69D0-4E6B-8113-ABFDAE72B836}.Release|Any CPU.Build.0 = Release|Any CPU
	EndGlobalSection
	GlobalSection(SolutionProperties) = preSolution
		HideSolutionNode = FALSE
	EndGlobalSection
EndGlobal
